{
  "name": "levelworks-ogp",
  "version": "8.12.0",
  "lockfileVersion": 2,
  "requires": true,
  "packages": {
    "": {
      "name": "levelworks-ogp",
      "version": "8.12.0",
      "license": "ISC",
      "devDependencies": {
        "lefthook": "^1.2.6"
      }
    },
    "node_modules/lefthook": {
      "version": "1.2.6",
      "resolved": "https://registry.npmjs.org/lefthook/-/lefthook-1.2.6.tgz",
      "integrity": "sha512-vv3w6gDmFXID89wvrOGMHKbE47UmUVQN0aG4u2UMHGZ0rB8at7glMFnpuWT9361DciBz3lEFGYD4MK5APLoH2Q==",
      "dev": true,
      "hasInstallScript": true,
      "bin": {
        "lefthook": "bin/index.js"
      },
      "optionalDependencies": {
        "lefthook-darwin-arm64": "1.2.6",
        "lefthook-darwin-x64": "1.2.6",
        "lefthook-freebsd-arm64": "1.2.6",
        "lefthook-freebsd-x64": "1.2.6",
        "lefthook-linux-arm64": "1.2.6",
        "lefthook-linux-x64": "1.2.6",
        "lefthook-windows-arm64": "1.2.6",
        "lefthook-windows-x64": "1.2.6"
      }
    },
    "node_modules/lefthook-darwin-arm64": {
      "version": "1.2.6",
      "resolved": "https://registry.npmjs.org/lefthook-darwin-arm64/-/lefthook-darwin-arm64-1.2.6.tgz",
      "integrity": "sha512-RlSzms0h859l74Nlz8oj7ZKXUysO998WhpqABX0uKdsK6QOuDjAMFmwvGx2MzcO7z8SGSlqkgqay4nFULGtvhw==",
      "cpu": [
        "arm64"
      ],
      "dev": true,
      "optional": true,
      "os": [
        "darwin"
      ]
    },
    "node_modules/lefthook-darwin-x64": {
      "version": "1.2.6",
      "resolved": "https://registry.npmjs.org/lefthook-darwin-x64/-/lefthook-darwin-x64-1.2.6.tgz",
      "integrity": "sha512-9aWcuaM69ypAJCpNbF2CyDXwwi8EwQj/vqrPrLh0Nis5kheyRuBAgNSVslEE99ZGGZViNPWPx9hARsWK0ZxQAQ==",
      "cpu": [
        "x64"
      ],
      "dev": true,
      "optional": true,
      "os": [
        "darwin"
      ]
    },
    "node_modules/lefthook-freebsd-arm64": {
      "version": "1.2.6",
      "resolved": "https://registry.npmjs.org/lefthook-freebsd-arm64/-/lefthook-freebsd-arm64-1.2.6.tgz",
      "integrity": "sha512-PaY/OreTfNrSQBTl7GuggAKFT0U5p9re0ryjDJMWlkGD3UZfRosnyg5ZRH3HOjBchx2iXDrAeJBfg7a45sIc+A==",
      "cpu": [
        "arm64"
      ],
      "dev": true,
      "optional": true,
      "os": [
        "freebsd"
      ]
    },
    "node_modules/lefthook-freebsd-x64": {
      "version": "1.2.6",
      "resolved": "https://registry.npmjs.org/lefthook-freebsd-x64/-/lefthook-freebsd-x64-1.2.6.tgz",
      "integrity": "sha512-Ex5ehsPmXThN2eyckHeB6AbKCmxgV2wl27U5p16NH3bzJyXpWPlq6Sg1j2wkx1xLYIrMFwxgy9JVuR4EzOB96w==",
      "cpu": [
        "x64"
      ],
      "dev": true,
      "optional": true,
      "os": [
        "freebsd"
      ]
    },
    "node_modules/lefthook-linux-arm64": {
      "version": "1.2.6",
      "resolved": "https://registry.npmjs.org/lefthook-linux-arm64/-/lefthook-linux-arm64-1.2.6.tgz",
      "integrity": "sha512-CUdw7PIi14LVHmPUDeNHQAcExpcuXrUP6GfnWyf2uQ/5nFSrDwtF0tSCEAtgJgm8Wh38dt5Qyyaxoz4WoGGvZA==",
      "cpu": [
        "arm64"
      ],
      "dev": true,
      "optional": true,
      "os": [
        "linux"
      ]
    },
    "node_modules/lefthook-linux-x64": {
      "version": "1.2.6",
      "resolved": "https://registry.npmjs.org/lefthook-linux-x64/-/lefthook-linux-x64-1.2.6.tgz",
      "integrity": "sha512-UXyn2qLKfUQgHipoTYnvHWNagOMOdqyj0oqpIbEuE98/+7AR9OrQF6t7mpL+KDA4IRO8Ba6CcS1nYNxpBKN8kw==",
      "cpu": [
        "x64"
      ],
      "dev": true,
      "optional": true,
      "os": [
        "linux"
      ]
    },
    "node_modules/lefthook-windows-arm64": {
      "version": "1.2.6",
      "resolved": "https://registry.npmjs.org/lefthook-windows-arm64/-/lefthook-windows-arm64-1.2.6.tgz",
      "integrity": "sha512-gAwVbWdSKixxsixnMxfCqYXZ0NNW5sP87evmTvY6hezsYRFqjEgKsxCB1kf/epjlkZPQcN1s81uOYQLy4WKe1g==",
      "cpu": [
        "arm64"
      ],
      "dev": true,
      "optional": true,
      "os": [
        "win32"
      ]
    },
    "node_modules/lefthook-windows-x64": {
      "version": "1.2.6",
      "resolved": "https://registry.npmjs.org/lefthook-windows-x64/-/lefthook-windows-x64-1.2.6.tgz",
      "integrity": "sha512-F0JCXgTBfyfCQ7HegVvGVsijWXd2J7LA4iY5fsBNV4stPRMXHnr8RGUbxViprmKudUjcuog1xuGjqNWja8rfNA==",
      "cpu": [
        "x64"
      ],
      "dev": true,
      "optional": true,
      "os": [
        "win32"
      ]
    }
  },
  "dependencies": {
    "lefthook": {
      "version": "1.2.6",
      "resolved": "https://registry.npmjs.org/lefthook/-/lefthook-1.2.6.tgz",
      "integrity": "sha512-vv3w6gDmFXID89wvrOGMHKbE47UmUVQN0aG4u2UMHGZ0rB8at7glMFnpuWT9361DciBz3lEFGYD4MK5APLoH2Q==",
      "dev": true,
      "requires": {
        "lefthook-darwin-arm64": "1.2.6",
        "lefthook-darwin-x64": "1.2.6",
        "lefthook-freebsd-arm64": "1.2.6",
        "lefthook-freebsd-x64": "1.2.6",
        "lefthook-linux-arm64": "1.2.6",
        "lefthook-linux-x64": "1.2.6",
        "lefthook-windows-arm64": "1.2.6",
        "lefthook-windows-x64": "1.2.6"
      }
    },
    "lefthook-darwin-arm64": {
      "version": "1.2.6",
      "resolved": "https://registry.npmjs.org/lefthook-darwin-arm64/-/lefthook-darwin-arm64-1.2.6.tgz",
      "integrity": "sha512-RlSzms0h859l74Nlz8oj7ZKXUysO998WhpqABX0uKdsK6QOuDjAMFmwvGx2MzcO7z8SGSlqkgqay4nFULGtvhw==",
      "dev": true,
      "optional": true
    },
    "lefthook-darwin-x64": {
      "version": "1.2.6",
      "resolved": "https://registry.npmjs.org/lefthook-darwin-x64/-/lefthook-darwin-x64-1.2.6.tgz",
      "integrity": "sha512-9aWcuaM69ypAJCpNbF2CyDXwwi8EwQj/vqrPrLh0Nis5kheyRuBAgNSVslEE99ZGGZViNPWPx9hARsWK0ZxQAQ==",
      "dev": true,
      "optional": true
    },
    "lefthook-freebsd-arm64": {
      "version": "1.2.6",
      "resolved": "https://registry.npmjs.org/lefthook-freebsd-arm64/-/lefthook-freebsd-arm64-1.2.6.tgz",
      "integrity": "sha512-PaY/OreTfNrSQBTl7GuggAKFT0U5p9re0ryjDJMWlkGD3UZfRosnyg5ZRH3HOjBchx2iXDrAeJBfg7a45sIc+A==",
      "dev": true,
      "optional": true
    },
    "lefthook-freebsd-x64": {
      "version": "1.2.6",
      "resolved": "https://registry.npmjs.org/lefthook-freebsd-x64/-/lefthook-freebsd-x64-1.2.6.tgz",
      "integrity": "sha512-Ex5ehsPmXThN2eyckHeB6AbKCmxgV2wl27U5p16NH3bzJyXpWPlq6Sg1j2wkx1xLYIrMFwxgy9JVuR4EzOB96w==",
      "dev": true,
      "optional": true
    },
    "lefthook-linux-arm64": {
      "version": "1.2.6",
      "resolved": "https://registry.npmjs.org/lefthook-linux-arm64/-/lefthook-linux-arm64-1.2.6.tgz",
      "integrity": "sha512-CUdw7PIi14LVHmPUDeNHQAcExpcuXrUP6GfnWyf2uQ/5nFSrDwtF0tSCEAtgJgm8Wh38dt5Qyyaxoz4WoGGvZA==",
      "dev": true,
      "optional": true
    },
    "lefthook-linux-x64": {
      "version": "1.2.6",
      "resolved": "https://registry.npmjs.org/lefthook-linux-x64/-/lefthook-linux-x64-1.2.6.tgz",
      "integrity": "sha512-UXyn2qLKfUQgHipoTYnvHWNagOMOdqyj0oqpIbEuE98/+7AR9OrQF6t7mpL+KDA4IRO8Ba6CcS1nYNxpBKN8kw==",
      "dev": true,
      "optional": true
    },
    "lefthook-windows-arm64": {
      "version": "1.2.6",
      "resolved": "https://registry.npmjs.org/lefthook-windows-arm64/-/lefthook-windows-arm64-1.2.6.tgz",
      "integrity": "sha512-gAwVbWdSKixxsixnMxfCqYXZ0NNW5sP87evmTvY6hezsYRFqjEgKsxCB1kf/epjlkZPQcN1s81uOYQLy4WKe1g==",
      "dev": true,
      "optional": true
    },
    "lefthook-windows-x64": {
      "version": "1.2.6",
      "resolved": "https://registry.npmjs.org/lefthook-windows-x64/-/lefthook-windows-x64-1.2.6.tgz",
      "integrity": "sha512-F0JCXgTBfyfCQ7HegVvGVsijWXd2J7LA4iY5fsBNV4stPRMXHnr8RGUbxViprmKudUjcuog1xuGjqNWja8rfNA==",
      "dev": true,
      "optional": true
    }
  }
}
