{
  "name": "levelworks-ogp",
  "version": "8.15.0",
  "lockfileVersion": 2,
  "requires": true,
  "packages": {
    "": {
      "name": "levelworks-ogp",
      "version": "8.15.0",
      "license": "ISC",
      "devDependencies": {
        "lefthook": "^1.2.8"
      }
    },
    "node_modules/lefthook": {
      "version": "1.2.8",
      "resolved": "https://registry.npmjs.org/lefthook/-/lefthook-1.2.8.tgz",
      "integrity": "sha512-dB6sA3SxMxUvZjUN+pjQrEapJppqERO8DJMdpJvDsymIIKJLQY/iG5H9bR/J4+kE+trho+wC8F+zsuuOhtlSxQ==",
      "dev": true,
      "hasInstallScript": true,
      "bin": {
        "lefthook": "bin/index.js"
      },
      "optionalDependencies": {
        "lefthook-darwin-arm64": "1.2.8",
        "lefthook-darwin-x64": "1.2.8",
        "lefthook-freebsd-arm64": "1.2.8",
        "lefthook-freebsd-x64": "1.2.8",
        "lefthook-linux-arm64": "1.2.8",
        "lefthook-linux-x64": "1.2.8",
        "lefthook-windows-arm64": "1.2.8",
        "lefthook-windows-x64": "1.2.8"
      }
    },
    "node_modules/lefthook-darwin-arm64": {
      "version": "1.2.8",
      "resolved": "https://registry.npmjs.org/lefthook-darwin-arm64/-/lefthook-darwin-arm64-1.2.8.tgz",
      "integrity": "sha512-4gmZpcPPDo9NQYwHdDAoPv0Ho0V1xa5GPGYOrpKzmgA4MogLMmtp2AUUQt8ekgfoUfiXn6Zh2Ww83J+kIW04Ww==",
      "cpu": [
        "arm64"
      ],
      "dev": true,
      "optional": true,
      "os": [
        "darwin"
      ]
    },
    "node_modules/lefthook-darwin-x64": {
      "version": "1.2.8",
      "resolved": "https://registry.npmjs.org/lefthook-darwin-x64/-/lefthook-darwin-x64-1.2.8.tgz",
      "integrity": "sha512-5QyHU2YyJmNpiorxXqKPYlhlYQSBjx+0DOLKOtd20aCQIZXQFMhgJUSe3s5WGNyxEzoVIzZ05rxBbsIqnNXliQ==",
      "cpu": [
        "x64"
      ],
      "dev": true,
      "optional": true,
      "os": [
        "darwin"
      ]
    },
    "node_modules/lefthook-freebsd-arm64": {
      "version": "1.2.8",
      "resolved": "https://registry.npmjs.org/lefthook-freebsd-arm64/-/lefthook-freebsd-arm64-1.2.8.tgz",
      "integrity": "sha512-LwCYN2B6nNIv+4LLFYMNbMJYUI3xvF6tN+y9gY13yanOVdbMcJDHTVFP4l0yEpeAy93UDzvGIPXo0RX99CEpRg==",
      "cpu": [
        "arm64"
      ],
      "dev": true,
      "optional": true,
      "os": [
        "freebsd"
      ]
    },
    "node_modules/lefthook-freebsd-x64": {
      "version": "1.2.8",
      "resolved": "https://registry.npmjs.org/lefthook-freebsd-x64/-/lefthook-freebsd-x64-1.2.8.tgz",
      "integrity": "sha512-Jojivv39Ocp/Z78cagLdJkp2z//h01nCMNHYo5Hf2vBkL9oBDxSg3arJSc7C5h8tTk6WZG4zZgVHF+FF8RqTcQ==",
      "cpu": [
        "x64"
      ],
      "dev": true,
      "optional": true,
      "os": [
        "freebsd"
      ]
    },
    "node_modules/lefthook-linux-arm64": {
      "version": "1.2.8",
      "resolved": "https://registry.npmjs.org/lefthook-linux-arm64/-/lefthook-linux-arm64-1.2.8.tgz",
      "integrity": "sha512-KkOC56fpVQ6baZFZXr9ReMvSHDW8mClhAxSHM99UY2p7vBk63fP7SXvq0QBMVxtqZr8pzVV0fReuL4N47H3kMA==",
      "cpu": [
        "arm64"
      ],
      "dev": true,
      "optional": true,
      "os": [
        "linux"
      ]
    },
    "node_modules/lefthook-linux-x64": {
      "version": "1.2.8",
      "resolved": "https://registry.npmjs.org/lefthook-linux-x64/-/lefthook-linux-x64-1.2.8.tgz",
      "integrity": "sha512-iNAHyhNr3th9ESFDjEcXjVfl83QXP8422LRX+oQnr6WHQSZ+pn5FN7SptKovw7+M0WqvjBHyj4Pw7OXA+NZXLg==",
      "cpu": [
        "x64"
      ],
      "dev": true,
      "optional": true,
      "os": [
        "linux"
      ]
    },
    "node_modules/lefthook-windows-arm64": {
      "version": "1.2.8",
      "resolved": "https://registry.npmjs.org/lefthook-windows-arm64/-/lefthook-windows-arm64-1.2.8.tgz",
      "integrity": "sha512-BmIQ+M6jJUcT5QQyOaF8UvIK3vtk+a9XH/MQwgqZ8ou8T1vQR0aF7xcjHK/4wGtlwUP2+Qye9+n6xYvkwl/6+A==",
      "cpu": [
        "arm64"
      ],
      "dev": true,
      "optional": true,
      "os": [
        "win32"
      ]
    },
    "node_modules/lefthook-windows-x64": {
      "version": "1.2.8",
      "resolved": "https://registry.npmjs.org/lefthook-windows-x64/-/lefthook-windows-x64-1.2.8.tgz",
      "integrity": "sha512-7ONLOkd/Un/zEU9WdOHL0fgOy7WRdIMzHuk+TNwqzoAO8G/qaFSPfsIteN2GifZ0cDBSLGE8x5rfxRv2nUuzcA==",
      "cpu": [
        "x64"
      ],
      "dev": true,
      "optional": true,
      "os": [
        "win32"
      ]
    }
  },
  "dependencies": {
    "lefthook": {
      "version": "1.2.8",
      "resolved": "https://registry.npmjs.org/lefthook/-/lefthook-1.2.8.tgz",
      "integrity": "sha512-dB6sA3SxMxUvZjUN+pjQrEapJppqERO8DJMdpJvDsymIIKJLQY/iG5H9bR/J4+kE+trho+wC8F+zsuuOhtlSxQ==",
      "dev": true,
      "requires": {
        "lefthook-darwin-arm64": "1.2.8",
        "lefthook-darwin-x64": "1.2.8",
        "lefthook-freebsd-arm64": "1.2.8",
        "lefthook-freebsd-x64": "1.2.8",
        "lefthook-linux-arm64": "1.2.8",
        "lefthook-linux-x64": "1.2.8",
        "lefthook-windows-arm64": "1.2.8",
        "lefthook-windows-x64": "1.2.8"
      }
    },
    "lefthook-darwin-arm64": {
      "version": "1.2.8",
      "resolved": "https://registry.npmjs.org/lefthook-darwin-arm64/-/lefthook-darwin-arm64-1.2.8.tgz",
      "integrity": "sha512-4gmZpcPPDo9NQYwHdDAoPv0Ho0V1xa5GPGYOrpKzmgA4MogLMmtp2AUUQt8ekgfoUfiXn6Zh2Ww83J+kIW04Ww==",
      "dev": true,
      "optional": true
    },
    "lefthook-darwin-x64": {
      "version": "1.2.8",
      "resolved": "https://registry.npmjs.org/lefthook-darwin-x64/-/lefthook-darwin-x64-1.2.8.tgz",
      "integrity": "sha512-5QyHU2YyJmNpiorxXqKPYlhlYQSBjx+0DOLKOtd20aCQIZXQFMhgJUSe3s5WGNyxEzoVIzZ05rxBbsIqnNXliQ==",
      "dev": true,
      "optional": true
    },
    "lefthook-freebsd-arm64": {
      "version": "1.2.8",
      "resolved": "https://registry.npmjs.org/lefthook-freebsd-arm64/-/lefthook-freebsd-arm64-1.2.8.tgz",
      "integrity": "sha512-LwCYN2B6nNIv+4LLFYMNbMJYUI3xvF6tN+y9gY13yanOVdbMcJDHTVFP4l0yEpeAy93UDzvGIPXo0RX99CEpRg==",
      "dev": true,
      "optional": true
    },
    "lefthook-freebsd-x64": {
      "version": "1.2.8",
      "resolved": "https://registry.npmjs.org/lefthook-freebsd-x64/-/lefthook-freebsd-x64-1.2.8.tgz",
      "integrity": "sha512-Jojivv39Ocp/Z78cagLdJkp2z//h01nCMNHYo5Hf2vBkL9oBDxSg3arJSc7C5h8tTk6WZG4zZgVHF+FF8RqTcQ==",
      "dev": true,
      "optional": true
    },
    "lefthook-linux-arm64": {
      "version": "1.2.8",
      "resolved": "https://registry.npmjs.org/lefthook-linux-arm64/-/lefthook-linux-arm64-1.2.8.tgz",
      "integrity": "sha512-KkOC56fpVQ6baZFZXr9ReMvSHDW8mClhAxSHM99UY2p7vBk63fP7SXvq0QBMVxtqZr8pzVV0fReuL4N47H3kMA==",
      "dev": true,
      "optional": true
    },
    "lefthook-linux-x64": {
      "version": "1.2.8",
      "resolved": "https://registry.npmjs.org/lefthook-linux-x64/-/lefthook-linux-x64-1.2.8.tgz",
      "integrity": "sha512-iNAHyhNr3th9ESFDjEcXjVfl83QXP8422LRX+oQnr6WHQSZ+pn5FN7SptKovw7+M0WqvjBHyj4Pw7OXA+NZXLg==",
      "dev": true,
      "optional": true
    },
    "lefthook-windows-arm64": {
      "version": "1.2.8",
      "resolved": "https://registry.npmjs.org/lefthook-windows-arm64/-/lefthook-windows-arm64-1.2.8.tgz",
      "integrity": "sha512-BmIQ+M6jJUcT5QQyOaF8UvIK3vtk+a9XH/MQwgqZ8ou8T1vQR0aF7xcjHK/4wGtlwUP2+Qye9+n6xYvkwl/6+A==",
      "dev": true,
      "optional": true
    },
    "lefthook-windows-x64": {
      "version": "1.2.8",
      "resolved": "https://registry.npmjs.org/lefthook-windows-x64/-/lefthook-windows-x64-1.2.8.tgz",
      "integrity": "sha512-7ONLOkd/Un/zEU9WdOHL0fgOy7WRdIMzHuk+TNwqzoAO8G/qaFSPfsIteN2GifZ0cDBSLGE8x5rfxRv2nUuzcA==",
      "dev": true,
      "optional": true
    }
  }
}
